
Microsoft Visual Studio Solution File, Format Version 12.00
# Visual Studio Version 17
VisualStudioVersion = 17.3.32519.111
MinimumVisualStudioVersion = 10.0.40219.1
Project("{FAE04EC0-301F-11D3-BF4B-00C04F79EFBC}") = "ImageCropSample", "ImageCropSample\ImageCropSample.csproj", "{BD1A2462-C222-45DF-B463-F38322B56FDD}"
EndProject
Global
	GlobalSection(SolutionConfigurationPlatforms) = preSolution
		Debug|Any CPU = Debug|Any CPU
		Release|Any CPU = Release|Any CPU
	EndGlobalSection
	GlobalSection(ProjectConfigurationPlatforms) = postSolution
		{BD1A2462-C222-45DF-B463-F38322B56FDD}.Debug|Any CPU.ActiveCfg = Debug|Any CPU
		{BD1A2462-C222-45DF-B463-F38322B56FDD}.Debug|Any CPU.Build.0 = Debug|Any CPU
		{BD1A2462-C222-45DF-B463-F38322B56FDD}.Release|Any CPU.ActiveCfg = Release|Any CPU
		{BD1A2462-C222-45DF-B463-F38322B56FDD}.Release|Any CPU.Build.0 = Release|Any CPU
	EndGlobalSection
	GlobalSection(SolutionProperties) = preSolution
		HideSolutionNode = FALSE
	EndGlobalSection
	GlobalSection(ExtensibilityGlobals) = postSolution
		SolutionGuid = {2EF108F7-B2D4-4F5F-AF0A-E469AC9F32FF}
	EndGlobalSection
EndGlobal
